
Microsoft Visual Studio Solution File, Format Version 12.00
# Visual Studio Version 16
VisualStudioVersion = 16.0.31321.278
MinimumVisualStudioVersion = 10.0.40219.1
Project("{FAE04EC0-301F-11D3-BF4B-00C04F79EFBC}") = "NightCredits", "NightCredits\NightCredits.csproj", "{AAAF9F8E-96C4-410D-B7E2-098254090C3D}"
EndProject
Global
	GlobalSection(SolutionConfigurationPlatforms) = preSolution
		Debug|Any CPU = Debug|Any CPU
		Release|Any CPU = Release|Any CPU
	EndGlobalSection
	GlobalSection(ProjectConfigurationPlatforms) = postSolution
		{AAAF9F8E-96C4-410D-B7E2-098254090C3D}.Debug|Any CPU.ActiveCfg = Debug|Any CPU
		{AAAF9F8E-96C4-410D-B7E2-098254090C3D}.Debug|Any CPU.Build.0 = Debug|Any CPU
		{AAAF9F8E-96C4-410D-B7E2-098254090C3D}.Release|Any CPU.ActiveCfg = Release|Any CPU
		{AAAF9F8E-96C4-410D-B7E2-098254090C3D}.Release|Any CPU.Build.0 = Release|Any CPU
	EndGlobalSection
	GlobalSection(SolutionProperties) = preSolution
		HideSolutionNode = FALSE
	EndGlobalSection
	GlobalSection(ExtensibilityGlobals) = postSolution
		SolutionGuid = {03A423E9-6813-4A91-851E-6CAF1A2A4E15}
	EndGlobalSection
EndGlobal
